<?xml version="1.0" encoding="utf-8"?>
<Project ToolsVersion="4.0" xmlns="http://schemas.microsoft.com/developer/msbuild/2003">
  <ItemGroup>
    <Text Include="ReadMe.txt" />
  </ItemGroup>
  <ItemGroup>
    <Filter Include="头文件">
      <UniqueIdentifier>{8605aa3b-c81c-4e27-aaec-ee65e034afca}</UniqueIdentifier>
    </Filter>
    <Filter Include="源文件">
      <UniqueIdentifier>{5cb39c9e-213b-47df-97fb-5ec87a3d1efe}</UniqueIdentifier>
    </Filter>
  </ItemGroup>
  <ItemGroup>
    <ClCompile Include="source\xdVector.cpp">
      <Filter>源文件</Filter>
    </ClCompile>
    <ClCompile Include="source\common.cpp">
      <Filter>源文件</Filter>
    </ClCompile>
    <ClCompile Include="source\xdMatrix.cpp">
      <Filter>源文件</Filter>
    </ClCompile>
    <ClCompile Include="source\xdDevice.cpp">
      <Filter>源文件</Filter>
    </ClCompile>
  </ItemGroup>
  <ItemGroup>
    <ClInclude Include="source\xdVector.h">
      <Filter>头文件</Filter>
    </ClInclude>
    <ClInclude Include="source\common.h">
      <Filter>头文件</Filter>
    </ClInclude>
    <ClInclude Include="source\xdMatrix.h">
      <Filter>头文件</Filter>
    </ClInclude>
    <ClInclude Include="source\xdDevice.h">
      <Filter>头文件</Filter>
    </ClInclude>
    <ClInclude Include="source\singleton.h">
      <Filter>头文件</Filter>
    </ClInclude>
  </ItemGroup>
</Project>